
Microsoft Visual Studio Solution File, Format Version 12.00
# Visual Studio Version 17
VisualStudioVersion = 17.6.33801.468
MinimumVisualStudioVersion = 10.0.40219.1
Project("{9A19103F-16F7-4668-BE54-9A1E7A4F7556}") = "InstantINR", "InstantINR\InstantINR.csproj", "{33DBD43E-62C2-490F-A6AA-D98EF76AA60B}"
EndProject
Project("{FAE04EC0-301F-11D3-BF4B-00C04F79EFBC}") = "InstantInrApi", "InstantInrApi\InstantInrApi.csproj", "{2BE687DD-1878-4B5D-B7F8-E712C95F16BC}"
EndProject
Global
	GlobalSection(SolutionConfigurationPlatforms) = preSolution
		Debug|Any CPU = Debug|Any CPU
		Release|Any CPU = Release|Any CPU
	EndGlobalSection
	GlobalSection(ProjectConfigurationPlatforms) = postSolution
		{33DBD43E-62C2-490F-A6AA-D98EF76AA60B}.Debug|Any CPU.ActiveCfg = Debug|Any CPU
		{33DBD43E-62C2-490F-A6AA-D98EF76AA60B}.Debug|Any CPU.Build.0 = Debug|Any CPU
		{33DBD43E-62C2-490F-A6AA-D98EF76AA60B}.Release|Any CPU.ActiveCfg = Release|Any CPU
		{33DBD43E-62C2-490F-A6AA-D98EF76AA60B}.Release|Any CPU.Build.0 = Release|Any CPU
		{2BE687DD-1878-4B5D-B7F8-E712C95F16BC}.Debug|Any CPU.ActiveCfg = Debug|Any CPU
		{2BE687DD-1878-4B5D-B7F8-E712C95F16BC}.Debug|Any CPU.Build.0 = Debug|Any CPU
		{2BE687DD-1878-4B5D-B7F8-E712C95F16BC}.Release|Any CPU.ActiveCfg = Release|Any CPU
		{2BE687DD-1878-4B5D-B7F8-E712C95F16BC}.Release|Any CPU.Build.0 = Release|Any CPU
	EndGlobalSection
	GlobalSection(SolutionProperties) = preSolution
		HideSolutionNode = FALSE
	EndGlobalSection
	GlobalSection(ExtensibilityGlobals) = postSolution
		SolutionGuid = {FC5B51C4-2BD0-43D7-81AA-E022BA40EF7E}
	EndGlobalSection
EndGlobal
